
Microsoft Visual Studio Solution File, Format Version 12.00
# Visual Studio Version 16
VisualStudioVersion = 16.0.30907.101
MinimumVisualStudioVersion = 10.0.40219.1
Project("{FAE04EC0-301F-11D3-BF4B-00C04F79EFBC}") = "UD19.3", "UD19.3\UD19.3.csproj", "{11013EEF-7EB7-4CAB-9F57-9CF811F6C928}"
EndProject
Global
	GlobalSection(SolutionConfigurationPlatforms) = preSolution
		Debug|Any CPU = Debug|Any CPU
		Release|Any CPU = Release|Any CPU
	EndGlobalSection
	GlobalSection(ProjectConfigurationPlatforms) = postSolution
		{11013EEF-7EB7-4CAB-9F57-9CF811F6C928}.Debug|Any CPU.ActiveCfg = Debug|Any CPU
		{11013EEF-7EB7-4CAB-9F57-9CF811F6C928}.Debug|Any CPU.Build.0 = Debug|Any CPU
		{11013EEF-7EB7-4CAB-9F57-9CF811F6C928}.Release|Any CPU.ActiveCfg = Release|Any CPU
		{11013EEF-7EB7-4CAB-9F57-9CF811F6C928}.Release|Any CPU.Build.0 = Release|Any CPU
	EndGlobalSection
	GlobalSection(SolutionProperties) = preSolution
		HideSolutionNode = FALSE
	EndGlobalSection
	GlobalSection(ExtensibilityGlobals) = postSolution
		SolutionGuid = {E6D1EB6B-85F7-4628-8764-03AFCAEC49CF}
	EndGlobalSection
EndGlobal
