
Microsoft Visual Studio Solution File, Format Version 12.00
# Visual Studio Version 16
VisualStudioVersion = 16.0.30907.101
MinimumVisualStudioVersion = 10.0.40219.1
Project("{FAE04EC0-301F-11D3-BF4B-00C04F79EFBC}") = "UD19.4", "UD19.4\UD19.4.csproj", "{B2DE0590-A06D-4AB5-9FB4-7A49EF6D2BDD}"
EndProject
Global
	GlobalSection(SolutionConfigurationPlatforms) = preSolution
		Debug|Any CPU = Debug|Any CPU
		Release|Any CPU = Release|Any CPU
	EndGlobalSection
	GlobalSection(ProjectConfigurationPlatforms) = postSolution
		{B2DE0590-A06D-4AB5-9FB4-7A49EF6D2BDD}.Debug|Any CPU.ActiveCfg = Debug|Any CPU
		{B2DE0590-A06D-4AB5-9FB4-7A49EF6D2BDD}.Debug|Any CPU.Build.0 = Debug|Any CPU
		{B2DE0590-A06D-4AB5-9FB4-7A49EF6D2BDD}.Release|Any CPU.ActiveCfg = Release|Any CPU
		{B2DE0590-A06D-4AB5-9FB4-7A49EF6D2BDD}.Release|Any CPU.Build.0 = Release|Any CPU
	EndGlobalSection
	GlobalSection(SolutionProperties) = preSolution
		HideSolutionNode = FALSE
	EndGlobalSection
	GlobalSection(ExtensibilityGlobals) = postSolution
		SolutionGuid = {D41530E7-3363-471C-AB2A-2C058048F583}
	EndGlobalSection
EndGlobal
